{
  "name": "launch-editor-command-middleware",
  "version": "1.0.0",
  "lockfileVersion": 1,
  "requires": true,
  "dependencies": {
    "launch-editor": {
      "version": "2.9.1",
      "resolved": "https://registry.npmjs.org/launch-editor/-/launch-editor-2.9.1.tgz",
      "integrity": "sha512-Gcnl4Bd+hRO9P9icCP/RVVT2o8SFlPXofuCxvA2SaZuH45whSvf5p8x5oih5ftLiVhEI4sp5xDY+R+b3zJBh5w==",
      "requires": {
        "picocolors": "^1.0.0",
        "shell-quote": "^1.8.1"
      }
    },
    "launch-editor-middleware": {
      "version": "2.9.1",
      "resolved": "https://registry.npmjs.org/launch-editor-middleware/-/launch-editor-middleware-2.9.1.tgz",
      "integrity": "sha512-4wF6AtPtaIENiZdH/a+3yW8Xni7uxzTEDd1z+gH00hUWBCSmQknFohznMd9BWhLk8MXObeB5ir69GbIr9qFW1w==",
      "requires": {
        "launch-editor": "^2.9.1"
      }
    },
    "picocolors": {
      "version": "1.1.1",
      "resolved": "https://registry.npmjs.org/picocolors/-/picocolors-1.1.1.tgz",
      "integrity": "sha512-xceH2snhtb5M9liqDsmEw56le376mTZkEX/jEb/RxNFyegNul7eNslCXP9FDj/Lcu0X8KEyMceP2ntpaHrDEVA=="
    },
    "shell-quote": {
      "version": "1.8.2",
      "resolved": "https://registry.npmjs.org/shell-quote/-/shell-quote-1.8.2.tgz",
      "integrity": "sha512-AzqKpGKjrj7EM6rKVQEPpB288oCfnrEIuyoT9cyF4nmGa7V8Zk6f7RRqYisX8X9m+Q7bd632aZW4ky7EhbQztA=="
    }
  }
}
